
Microsoft Visual Studio Solution File, Format Version 12.00
# Visual Studio Version 17
VisualStudioVersion = 17.0.31903.59
MinimumVisualStudioVersion = 10.0.40219.1
Project("{FAE04EC0-301F-11D3-BF4B-00C04F79EFBC}") = "Plugin", "Plugin\Plugin.csproj", "{0947837C-0A57-4281-A332-E72361CEC1F5}"
EndProject
Project("{FAE04EC0-301F-11D3-BF4B-00C04F79EFBC}") = "Host", "Host\Host.csproj", "{F92D81D8-43E4-4C53-A084-4A415860C0C0}"
EndProject
Global
	GlobalSection(SolutionConfigurationPlatforms) = preSolution
		Debug|Any CPU = Debug|Any CPU
		Release|Any CPU = Release|Any CPU
	EndGlobalSection
	GlobalSection(SolutionProperties) = preSolution
		HideSolutionNode = FALSE
	EndGlobalSection
	GlobalSection(ProjectConfigurationPlatforms) = postSolution
		{0947837C-0A57-4281-A332-E72361CEC1F5}.Debug|Any CPU.ActiveCfg = Debug|Any CPU
		{0947837C-0A57-4281-A332-E72361CEC1F5}.Debug|Any CPU.Build.0 = Debug|Any CPU
		{0947837C-0A57-4281-A332-E72361CEC1F5}.Release|Any CPU.ActiveCfg = Release|Any CPU
		{0947837C-0A57-4281-A332-E72361CEC1F5}.Release|Any CPU.Build.0 = Release|Any CPU
		{F92D81D8-43E4-4C53-A084-4A415860C0C0}.Debug|Any CPU.ActiveCfg = Debug|Any CPU
		{F92D81D8-43E4-4C53-A084-4A415860C0C0}.Debug|Any CPU.Build.0 = Debug|Any CPU
		{F92D81D8-43E4-4C53-A084-4A415860C0C0}.Release|Any CPU.ActiveCfg = Release|Any CPU
		{F92D81D8-43E4-4C53-A084-4A415860C0C0}.Release|Any CPU.Build.0 = Release|Any CPU
	EndGlobalSection
EndGlobal
